
Microsoft Visual Studio Solution File, Format Version 12.00
# Visual Studio 15
VisualStudioVersion = 15.0.27703.2035
MinimumVisualStudioVersion = 10.0.40219.1
Project("{FAE04EC0-301F-11D3-BF4B-00C04F79EFBC}") = "WindowsFormsApp1", "WindowsFormsApp1\WindowsFormsApp1.csproj", "{ABE393A5-7A31-46FA-9A2A-5D0B33E1B30A}"
EndProject
Global
	GlobalSection(SolutionConfigurationPlatforms) = preSolution
		Debug|Any CPU = Debug|Any CPU
		Release|Any CPU = Release|Any CPU
	EndGlobalSection
	GlobalSection(ProjectConfigurationPlatforms) = postSolution
		{ABE393A5-7A31-46FA-9A2A-5D0B33E1B30A}.Debug|Any CPU.ActiveCfg = Debug|Any CPU
		{ABE393A5-7A31-46FA-9A2A-5D0B33E1B30A}.Debug|Any CPU.Build.0 = Debug|Any CPU
		{ABE393A5-7A31-46FA-9A2A-5D0B33E1B30A}.Release|Any CPU.ActiveCfg = Release|Any CPU
		{ABE393A5-7A31-46FA-9A2A-5D0B33E1B30A}.Release|Any CPU.Build.0 = Release|Any CPU
	EndGlobalSection
	GlobalSection(SolutionProperties) = preSolution
		HideSolutionNode = FALSE
	EndGlobalSection
	GlobalSection(ExtensibilityGlobals) = postSolution
		SolutionGuid = {C218A6B8-F0D6-48C0-A004-E409951143CD}
	EndGlobalSection
EndGlobal
